Microsoft Visual Studio Solution File, Format Version 12.00
# Visual Studio 15
VisualStudioVersion = 15.0.26124.0
MinimumVisualStudioVersion = 15.0.26124.0
Project("{FAE04EC0-301F-11D3-BF4B-00C04F79EFBC}") = "npc-action-trigger.Client", "Client\npc-action-trigger.Client.csproj", "{2C5AFC8F-1713-4E51-A10B-6096EA2E8F40}"
EndProject
Project("{FAE04EC0-301F-11D3-BF4B-00C04F79EFBC}") = "npc-action-trigger.Server", "Server\npc-action-trigger.Server.csproj", "{34833E73-F45F-4A51-A3B4-563A156EAED6}"
EndProject
Global
	GlobalSection(SolutionConfigurationPlatforms) = preSolution
		Debug|Any CPU = Debug|Any CPU
		Release|Any CPU = Release|Any CPU
	EndGlobalSection
	GlobalSection(SolutionProperties) = preSolution
		HideSolutionNode = FALSE
	EndGlobalSection
	GlobalSection(ProjectConfigurationPlatforms) = postSolution
		{2C5AFC8F-1713-4E51-A10B-6096EA2E8F40}.Debug|Any CPU.ActiveCfg = Debug|Any CPU
		{2C5AFC8F-1713-4E51-A10B-6096EA2E8F40}.Debug|Any CPU.Build.0 = Debug|Any CPU
		{2C5AFC8F-1713-4E51-A10B-6096EA2E8F40}.Release|Any CPU.ActiveCfg = Release|Any CPU
		{2C5AFC8F-1713-4E51-A10B-6096EA2E8F40}.Release|Any CPU.Build.0 = Release|Any CPU
		{34833E73-F45F-4A51-A3B4-563A156EAED6}.Debug|Any CPU.ActiveCfg = Debug|Any CPU
		{34833E73-F45F-4A51-A3B4-563A156EAED6}.Debug|Any CPU.Build.0 = Debug|Any CPU
		{34833E73-F45F-4A51-A3B4-563A156EAED6}.Release|Any CPU.ActiveCfg = Release|Any CPU
		{34833E73-F45F-4A51-A3B4-563A156EAED6}.Release|Any CPU.Build.0 = Release|Any CPU
	EndGlobalSection
EndGlobal
